
Microsoft Visual Studio Solution File, Format Version 12.00
# Visual Studio Version 17
VisualStudioVersion = 17.9.34902.65
MinimumVisualStudioVersion = 10.0.40219.1
Project("{FAE04EC0-301F-11D3-BF4B-00C04F79EFBC}") = "PPmBenjaminJonasMartin", "PPmBenjaminJonasMartin\PPmBenjaminJonasMartin.csproj", "{0297EE71-86FB-4F89-BF69-606E0C4260C9}"
EndProject
Global
	GlobalSection(SolutionConfigurationPlatforms) = preSolution
		Debug|Any CPU = Debug|Any CPU
		Release|Any CPU = Release|Any CPU
	EndGlobalSection
	GlobalSection(ProjectConfigurationPlatforms) = postSolution
		{0297EE71-86FB-4F89-BF69-606E0C4260C9}.Debug|Any CPU.ActiveCfg = Debug|Any CPU
		{0297EE71-86FB-4F89-BF69-606E0C4260C9}.Debug|Any CPU.Build.0 = Debug|Any CPU
		{0297EE71-86FB-4F89-BF69-606E0C4260C9}.Release|Any CPU.ActiveCfg = Release|Any CPU
		{0297EE71-86FB-4F89-BF69-606E0C4260C9}.Release|Any CPU.Build.0 = Release|Any CPU
	EndGlobalSection
	GlobalSection(SolutionProperties) = preSolution
		HideSolutionNode = FALSE
	EndGlobalSection
	GlobalSection(ExtensibilityGlobals) = postSolution
		SolutionGuid = {02DD645B-ADE4-4471-8E35-0BB442E5BE7D}
	EndGlobalSection
EndGlobal
